// !$*UTF8*$!
{
	archiveVersion = 1;
	classes = {
	};
	objectVersion = 46;
	objects = {

/* Begin PBXBuildFile section */
		10011ACB1E592A460096F426 /* AppDelegate.swift in Sources */ = {isa = PBXBuildFile; fileRef = 10011ACA1E592A460096F426 /* AppDelegate.swift */; };
		10011ACD1E592A460096F426 /* ViewController.swift in Sources */ = {isa = PBXBuildFile; fileRef = 10011ACC1E592A460096F426 /* ViewController.swift */; };
		10011AD01E592A460096F426 /* Main.storyboard in Resources */ = {isa = PBXBuildFile; fileRef = 10011ACE1E592A460096F426 /* Main.storyboard */; };
		10011AD31E592A460096F426 /* Buzzed.xcdatamodeld in Sources */ = {isa = PBXBuildFile; fileRef = 10011AD11E592A460096F426 /* Buzzed.xcdatamodeld */; };
		10011AD51E592A460096F426 /* Assets.xcassets in Resources */ = {isa = PBXBuildFile; fileRef = 10011AD41E592A460096F426 /* Assets.xcassets */; };
		10011AD81E592A460096F426 /* LaunchScreen.storyboard in Resources */ = {isa = PBXBuildFile; fileRef = 10011AD61E592A460096F426 /* LaunchScreen.storyboard */; };
		10011AE31E592A460096F426 /* BuzzedTests.swift in Sources */ = {isa = PBXBuildFile; fileRef = 10011AE21E592A460096F426 /* BuzzedTests.swift */; };
		10011AF21E592A790096F426 /* Meter.swift in Sources */ = {isa = PBXBuildFile; fileRef = 10011AF11E592A790096F426 /* Meter.swift */; };
		10011AF51E592DE30096F426 /* Meter.xib in Resources */ = {isa = PBXBuildFile; fileRef = 10011AF41E592DE30096F426 /* Meter.xib */; };
		10011AF61E592DE30096F426 /* Meter.xib in Resources */ = {isa = PBXBuildFile; fileRef = 10011AF41E592DE30096F426 /* Meter.xib */; };
		100F91221E5FDA9B007E74CA /* CaffeineSource.swift in Sources */ = {isa = PBXBuildFile; fileRef = 100F91211E5FDA9B007E74CA /* CaffeineSource.swift */; };
		100F91231E5FDA9B007E74CA /* CaffeineSource.swift in Sources */ = {isa = PBXBuildFile; fileRef = 100F91211E5FDA9B007E74CA /* CaffeineSource.swift */; };
		1067546D1E68E2B50023D470 /* Constants.swift in Sources */ = {isa = PBXBuildFile; fileRef = 1067546C1E68E2B50023D470 /* Constants.swift */; };
		1067546F1E68E4C30023D470 /* SettingsVC.swift in Sources */ = {isa = PBXBuildFile; fileRef = 1067546E1E68E4C30023D470 /* SettingsVC.swift */; };
		10724AE41E68F98E005B4808 /* SettingsCell.swift in Sources */ = {isa = PBXBuildFile; fileRef = 10724AE31E68F98E005B4808 /* SettingsCell.swift */; };
		108023061E5DD17000D948C1 /* DataManager.swift in Sources */ = {isa = PBXBuildFile; fileRef = 108023051E5DD17000D948C1 /* DataManager.swift */; };
		108023071E5DD17300D948C1 /* DataManager.swift in Sources */ = {isa = PBXBuildFile; fileRef = 108023051E5DD17000D948C1 /* DataManager.swift */; };
		108EE97B1E632A6D006FDCFC /* ConsumptionSetView.swift in Sources */ = {isa = PBXBuildFile; fileRef = 108EE97A1E632A6D006FDCFC /* ConsumptionSetView.swift */; };
		108EE97F1E6330F7006FDCFC /* ConsumptionSetView.xib in Resources */ = {isa = PBXBuildFile; fileRef = 108EE97E1E6330F7006FDCFC /* ConsumptionSetView.xib */; };
		10911F3F1E704D2A004F5077 /* Protocols.swift in Sources */ = {isa = PBXBuildFile; fileRef = 10911F3E1E704D2A004F5077 /* Protocols.swift */; };
		10911F411E7053A4004F5077 /* HideableStack.swift in Sources */ = {isa = PBXBuildFile; fileRef = 10911F401E7053A4004F5077 /* HideableStack.swift */; };
		109362EA1E5B35DA0056C54B /* HealthKit.framework in Frameworks */ = {isa = PBXBuildFile; fileRef = 109362E91E5B35DA0056C54B /* HealthKit.framework */; };
		109362EE1E5B399C0056C54B /* HealthManager.swift in Sources */ = {isa = PBXBuildFile; fileRef = 109362ED1E5B399C0056C54B /* HealthManager.swift */; };
		10AE2EF91E5C7CFA00B9AFB4 /* CaffeineSourceTypeEnum.swift in Sources */ = {isa = PBXBuildFile; fileRef = 10AE2EF81E5C7CFA00B9AFB4 /* CaffeineSourceTypeEnum.swift */; };
		10AE2EFA1E5C80C600B9AFB4 /* CaffeineSourceTypeEnum.swift in Sources */ = {isa = PBXBuildFile; fileRef = 10AE2EF81E5C7CFA00B9AFB4 /* CaffeineSourceTypeEnum.swift */; };
		10AE2EFC1E5C85A500B9AFB4 /* Extensions.swift in Sources */ = {isa = PBXBuildFile; fileRef = 10AE2EFB1E5C85A500B9AFB4 /* Extensions.swift */; };
		10B4BD9A1E6DA3A000A5E316 /* DefaultValueEnums.swift in Sources */ = {isa = PBXBuildFile; fileRef = 10DB0ACC1E671B3700804C50 /* DefaultValueEnums.swift */; };
		10B4BD9B1E6DA3B600A5E316 /* Constants.swift in Sources */ = {isa = PBXBuildFile; fileRef = 1067546C1E68E2B50023D470 /* Constants.swift */; };
		10C523FD1E67583B0091746E /* CaffeineTodayLbl.swift in Sources */ = {isa = PBXBuildFile; fileRef = 10C523FC1E67583B0091746E /* CaffeineTodayLbl.swift */; };
		10CFBC891E72331C00133041 /* SizeSelectVC.swift in Sources */ = {isa = PBXBuildFile; fileRef = 10CFBC881E72331C00133041 /* SizeSelectVC.swift */; };
		10CFBC8B1E72332D00133041 /* SizeSelectCell.swift in Sources */ = {isa = PBXBuildFile; fileRef = 10CFBC8A1E72332D00133041 /* SizeSelectCell.swift */; };
		10DB0ACD1E671B3700804C50 /* DefaultValueEnums.swift in Sources */ = {isa = PBXBuildFile; fileRef = 10DB0ACC1E671B3700804C50 /* DefaultValueEnums.swift */; };
		10DF0C1F1E69A16D00AC440D /* SettingsTableVC.swift in Sources */ = {isa = PBXBuildFile; fileRef = 10DF0C1E1E69A16D00AC440D /* SettingsTableVC.swift */; };
		10E0A7261E6F067C000FB79F /* CaffeineSourceCD+CoreDataClass.swift in Sources */ = {isa = PBXBuildFile; fileRef = 10E0A7241E6F067C000FB79F /* CaffeineSourceCD+CoreDataClass.swift */; };
		10E0A7271E6F067C000FB79F /* CaffeineSourceCD+CoreDataClass.swift in Sources */ = {isa = PBXBuildFile; fileRef = 10E0A7241E6F067C000FB79F /* CaffeineSourceCD+CoreDataClass.swift */; };
		10E0A7281E6F067C000FB79F /* CaffeineSourceCD+CoreDataProperties.swift in Sources */ = {isa = PBXBuildFile; fileRef = 10E0A7251E6F067C000FB79F /* CaffeineSourceCD+CoreDataProperties.swift */; };
		10E0A7291E6F067C000FB79F /* CaffeineSourceCD+CoreDataProperties.swift in Sources */ = {isa = PBXBuildFile; fileRef = 10E0A7251E6F067C000FB79F /* CaffeineSourceCD+CoreDataProperties.swift */; };
		10E0A72B1E6F0D77000FB79F /* SystemBtn.swift in Sources */ = {isa = PBXBuildFile; fileRef = 10E0A72A1E6F0D76000FB79F /* SystemBtn.swift */; };
		10E5F0F81E71925900F5CBED /* DrinkSelectVC.swift in Sources */ = {isa = PBXBuildFile; fileRef = 10E5F0F71E71925900F5CBED /* DrinkSelectVC.swift */; };
		10E5F0FA1E71987500F5CBED /* DrinkSelectCell.swift in Sources */ = {isa = PBXBuildFile; fileRef = 10E5F0F91E71987500F5CBED /* DrinkSelectCell.swift */; };
		10E6BBD61E68621700E5A50F /* ColorGradient.swift in Sources */ = {isa = PBXBuildFile; fileRef = 10E6BBD51E68621700E5A50F /* ColorGradient.swift */; };
		10E6BBDA1E686DF900E5A50F /* TopNav.swift in Sources */ = {isa = PBXBuildFile; fileRef = 10E6BBD91E686DF900E5A50F /* TopNav.swift */; };
		10E6BBDC1E68709400E5A50F /* NewDrinkBtn.swift in Sources */ = {isa = PBXBuildFile; fileRef = 10E6BBDB1E68709400E5A50F /* NewDrinkBtn.swift */; };
		10E6BBDE1E68729600E5A50F /* CurrentDrinkVC.swift in Sources */ = {isa = PBXBuildFile; fileRef = 10E6BBDD1E68729600E5A50F /* CurrentDrinkVC.swift */; };
/* End PBXBuildFile section */

/* Begin PBXContainerItemProxy section */
		10011ADF1E592A460096F426 /* PBXContainerItemProxy */ = {
			isa = PBXContainerItemProxy;
			containerPortal = 10011ABF1E592A460096F426 /* Project object */;
			proxyType = 1;
			remoteGlobalIDString = 10011AC61E592A460096F426;
			remoteInfo = Buzzed;
		};
/* End PBXContainerItemProxy section */

/* Begin PBXFileReference section */
		10011AC71E592A460096F426 /* Buzzed.app */ = {isa = PBXFileReference; explicitFileType = wrapper.application; includeInIndex = 0; path = Buzzed.app; sourceTree = BUILT_PRODUCTS_DIR; };
		10011ACA1E592A460096F426 /* AppDelegate.swift */ = {isa = PBXFileReference; lastKnownFileType = sourcecode.swift; path = AppDelegate.swift; sourceTree = "<group>"; };
		10011ACC1E592A460096F426 /* ViewController.swift */ = {isa = PBXFileReference; lastKnownFileType = sourcecode.swift; path = ViewController.swift; sourceTree = "<group>"; };
		10011ACF1E592A460096F426 /* Base */ = {isa = PBXFileReference; lastKnownFileType = file.storyboard; name = Base; path = Base.lproj/Main.storyboard; sourceTree = "<group>"; };
		10011AD21E592A460096F426 /* Buzzed.xcdatamodel */ = {isa = PBXFileReference; lastKnownFileType = wrapper.xcdatamodel; path = Buzzed.xcdatamodel; sourceTree = "<group>"; };
		10011AD41E592A460096F426 /* Assets.xcassets */ = {isa = PBXFileReference; lastKnownFileType = folder.assetcatalog; path = Assets.xcassets; sourceTree = "<group>"; };
		10011AD71E592A460096F426 /* Base */ = {isa = PBXFileReference; lastKnownFileType = file.storyboard; name = Base; path = Base.lproj/LaunchScreen.storyboard; sourceTree = "<group>"; };
		10011AD91E592A460096F426 /* Info.plist */ = {isa = PBXFileReference; lastKnownFileType = text.plist.xml; path = Info.plist; sourceTree = "<group>"; };
		10011ADE1E592A460096F426 /* BuzzedTests.xctest */ = {isa = PBXFileReference; explicitFileType = wrapper.cfbundle; includeInIndex = 0; path = BuzzedTests.xctest; sourceTree = BUILT_PRODUCTS_DIR; };
		10011AE21E592A460096F426 /* BuzzedTests.swift */ = {isa = PBXFileReference; lastKnownFileType = sourcecode.swift; path = BuzzedTests.swift; sourceTree = "<group>"; };
		10011AE41E592A460096F426 /* Info.plist */ = {isa = PBXFileReference; lastKnownFileType = text.plist.xml; path = Info.plist; sourceTree = "<group>"; };
		10011AF11E592A790096F426 /* Meter.swift */ = {isa = PBXFileReference; fileEncoding = 4; lastKnownFileType = sourcecode.swift; path = Meter.swift; sourceTree = "<group>"; };
		10011AF41E592DE30096F426 /* Meter.xib */ = {isa = PBXFileReference; fileEncoding = 4; lastKnownFileType = file.xib; path = Meter.xib; sourceTree = "<group>"; };
		100F91211E5FDA9B007E74CA /* CaffeineSource.swift */ = {isa = PBXFileReference; fileEncoding = 4; lastKnownFileType = sourcecode.swift; path = CaffeineSource.swift; sourceTree = "<group>"; };
		1067546C1E68E2B50023D470 /* Constants.swift */ = {isa = PBXFileReference; fileEncoding = 4; lastKnownFileType = sourcecode.swift; path = Constants.swift; sourceTree = "<group>"; };
		1067546E1E68E4C30023D470 /* SettingsVC.swift */ = {isa = PBXFileReference; fileEncoding = 4; lastKnownFileType = sourcecode.swift; path = SettingsVC.swift; sourceTree = "<group>"; };
		10724AE31E68F98E005B4808 /* SettingsCell.swift */ = {isa = PBXFileReference; fileEncoding = 4; lastKnownFileType = sourcecode.swift; path = SettingsCell.swift; sourceTree = "<group>"; };
		108023051E5DD17000D948C1 /* DataManager.swift */ = {isa = PBXFileReference; fileEncoding = 4; lastKnownFileType = sourcecode.swift; path = DataManager.swift; sourceTree = "<group>"; };
		108EE97A1E632A6D006FDCFC /* ConsumptionSetView.swift */ = {isa = PBXFileReference; fileEncoding = 4; lastKnownFileType = sourcecode.swift; path = ConsumptionSetView.swift; sourceTree = "<group>"; };
		108EE97E1E6330F7006FDCFC /* ConsumptionSetView.xib */ = {isa = PBXFileReference; fileEncoding = 4; lastKnownFileType = file.xib; path = ConsumptionSetView.xib; sourceTree = "<group>"; };
		10911F3E1E704D2A004F5077 /* Protocols.swift */ = {isa = PBXFileReference; fileEncoding = 4; lastKnownFileType = sourcecode.swift; path = Protocols.swift; sourceTree = "<group>"; };
		10911F401E7053A4004F5077 /* HideableStack.swift */ = {isa = PBXFileReference; fileEncoding = 4; lastKnownFileType = sourcecode.swift; path = HideableStack.swift; sourceTree = "<group>"; };
		109362E71E5B35DA0056C54B /* Buzzed.entitlements */ = {isa = PBXFileReference; lastKnownFileType = text.plist.entitlements; path = Buzzed.entitlements; sourceTree = "<group>"; };
		109362E91E5B35DA0056C54B /* HealthKit.framework */ = {isa = PBXFileReference; lastKnownFileType = wrapper.framework; name = HealthKit.framework; path = System/Library/Frameworks/HealthKit.framework; sourceTree = SDKROOT; };
		109362ED1E5B399C0056C54B /* HealthManager.swift */ = {isa = PBXFileReference; fileEncoding = 4; lastKnownFileType = sourcecode.swift; path = HealthManager.swift; sourceTree = "<group>"; };
		10AE2EF81E5C7CFA00B9AFB4 /* CaffeineSourceTypeEnum.swift */ = {isa = PBXFileReference; fileEncoding = 4; lastKnownFileType = sourcecode.swift; path = CaffeineSourceTypeEnum.swift; sourceTree = "<group>"; };
		10AE2EFB1E5C85A500B9AFB4 /* Extensions.swift */ = {isa = PBXFileReference; fileEncoding = 4; lastKnownFileType = sourcecode.swift; path = Extensions.swift; sourceTree = "<group>"; };
		10C523FC1E67583B0091746E /* CaffeineTodayLbl.swift */ = {isa = PBXFileReference; fileEncoding = 4; lastKnownFileType = sourcecode.swift; path = CaffeineTodayLbl.swift; sourceTree = "<group>"; };
		10CFBC881E72331C00133041 /* SizeSelectVC.swift */ = {isa = PBXFileReference; fileEncoding = 4; lastKnownFileType = sourcecode.swift; path = SizeSelectVC.swift; sourceTree = "<group>"; };
		10CFBC8A1E72332D00133041 /* SizeSelectCell.swift */ = {isa = PBXFileReference; fileEncoding = 4; lastKnownFileType = sourcecode.swift; path = SizeSelectCell.swift; sourceTree = "<group>"; };
		10DB0ACC1E671B3700804C50 /* DefaultValueEnums.swift */ = {isa = PBXFileReference; fileEncoding = 4; lastKnownFileType = sourcecode.swift; path = DefaultValueEnums.swift; sourceTree = "<group>"; };
		10DF0C1E1E69A16D00AC440D /* SettingsTableVC.swift */ = {isa = PBXFileReference; fileEncoding = 4; lastKnownFileType = sourcecode.swift; path = SettingsTableVC.swift; sourceTree = "<group>"; };
		10E0A7241E6F067C000FB79F /* CaffeineSourceCD+CoreDataClass.swift */ = {isa = PBXFileReference; fileEncoding = 4; lastKnownFileType = sourcecode.swift; path = "CaffeineSourceCD+CoreDataClass.swift"; sourceTree = "<group>"; };
		10E0A7251E6F067C000FB79F /* CaffeineSourceCD+CoreDataProperties.swift */ = {isa = PBXFileReference; fileEncoding = 4; lastKnownFileType = sourcecode.swift; path = "CaffeineSourceCD+CoreDataProperties.swift"; sourceTree = "<group>"; };
		10E0A72A1E6F0D76000FB79F /* SystemBtn.swift */ = {isa = PBXFileReference; fileEncoding = 4; lastKnownFileType = sourcecode.swift; path = SystemBtn.swift; sourceTree = "<group>"; };
		10E5F0F71E71925900F5CBED /* DrinkSelectVC.swift */ = {isa = PBXFileReference; fileEncoding = 4; lastKnownFileType = sourcecode.swift; path = DrinkSelectVC.swift; sourceTree = "<group>"; };
		10E5F0F91E71987500F5CBED /* DrinkSelectCell.swift */ = {isa = PBXFileReference; fileEncoding = 4; lastKnownFileType = sourcecode.swift; path = DrinkSelectCell.swift; sourceTree = "<group>"; };
		10E6BBD51E68621700E5A50F /* ColorGradient.swift */ = {isa = PBXFileReference; fileEncoding = 4; lastKnownFileType = sourcecode.swift; path = ColorGradient.swift; sourceTree = "<group>"; };
		10E6BBD91E686DF900E5A50F /* TopNav.swift */ = {isa = PBXFileReference; fileEncoding = 4; lastKnownFileType = sourcecode.swift; path = TopNav.swift; sourceTree = "<group>"; };
		10E6BBDB1E68709400E5A50F /* NewDrinkBtn.swift */ = {isa = PBXFileReference; fileEncoding = 4; lastKnownFileType = sourcecode.swift; path = NewDrinkBtn.swift; sourceTree = "<group>"; };
		10E6BBDD1E68729600E5A50F /* CurrentDrinkVC.swift */ = {isa = PBXFileReference; fileEncoding = 4; lastKnownFileType = sourcecode.swift; path = CurrentDrinkVC.swift; sourceTree = "<group>"; };
/* End PBXFileReference section */

/* Begin PBXFrameworksBuildPhase section */
		10011AC41E592A460096F426 /* Frameworks */ = {
			isa = PBXFrameworksBuildPhase;
			buildActionMask = 2147483647;
			files = (
				109362EA1E5B35DA0056C54B /* HealthKit.framework in Frameworks */,
			);
			runOnlyForDeploymentPostprocessing = 0;
		};
		10011ADB1E592A460096F426 /* Frameworks */ = {
			isa = PBXFrameworksBuildPhase;
			buildActionMask = 2147483647;
			files = (
			);
			runOnlyForDeploymentPostprocessing = 0;
		};
/* End PBXFrameworksBuildPhase section */

/* Begin PBXGroup section */
		10011ABE1E592A460096F426 = {
			isa = PBXGroup;
			children = (
				10011AC91E592A460096F426 /* Buzzed */,
				10011AE11E592A460096F426 /* BuzzedTests */,
				10011AC81E592A460096F426 /* Products */,
				109362E81E5B35DA0056C54B /* Frameworks */,
			);
			sourceTree = "<group>";
		};
		10011AC81E592A460096F426 /* Products */ = {
			isa = PBXGroup;
			children = (
				10011AC71E592A460096F426 /* Buzzed.app */,
				10011ADE1E592A460096F426 /* BuzzedTests.xctest */,
			);
			name = Products;
			sourceTree = "<group>";
		};
		10011AC91E592A460096F426 /* Buzzed */ = {
			isa = PBXGroup;
			children = (
				10B4BD9C1E6DA62C00A5E316 /* Core Data Entities */,
				109362E71E5B35DA0056C54B /* Buzzed.entitlements */,
				10011AF01E592A5B0096F426 /* Util */,
				10011AEF1E592A570096F426 /* Model */,
				10011AEE1E592A520096F426 /* View */,
				10011AED1E592A4C0096F426 /* Controller */,
				10011ACA1E592A460096F426 /* AppDelegate.swift */,
				10011ACE1E592A460096F426 /* Main.storyboard */,
				10011AD41E592A460096F426 /* Assets.xcassets */,
				10011AD61E592A460096F426 /* LaunchScreen.storyboard */,
				10011AD91E592A460096F426 /* Info.plist */,
			);
			path = Buzzed;
			sourceTree = "<group>";
		};
		10011AE11E592A460096F426 /* BuzzedTests */ = {
			isa = PBXGroup;
			children = (
				10011AE21E592A460096F426 /* BuzzedTests.swift */,
				10011AE41E592A460096F426 /* Info.plist */,
			);
			path = BuzzedTests;
			sourceTree = "<group>";
		};
		10011AED1E592A4C0096F426 /* Controller */ = {
			isa = PBXGroup;
			children = (
				10011ACC1E592A460096F426 /* ViewController.swift */,
				10E6BBDD1E68729600E5A50F /* CurrentDrinkVC.swift */,
				1067546E1E68E4C30023D470 /* SettingsVC.swift */,
				10DF0C1E1E69A16D00AC440D /* SettingsTableVC.swift */,
				10E5F0F71E71925900F5CBED /* DrinkSelectVC.swift */,
				10CFBC881E72331C00133041 /* SizeSelectVC.swift */,
			);
			name = Controller;
			sourceTree = "<group>";
		};
		10011AEE1E592A520096F426 /* View */ = {
			isa = PBXGroup;
			children = (
				10E6BBD51E68621700E5A50F /* ColorGradient.swift */,
				10011AF11E592A790096F426 /* Meter.swift */,
				10011AF41E592DE30096F426 /* Meter.xib */,
				108EE97A1E632A6D006FDCFC /* ConsumptionSetView.swift */,
				108EE97E1E6330F7006FDCFC /* ConsumptionSetView.xib */,
				10C523FC1E67583B0091746E /* CaffeineTodayLbl.swift */,
				10E6BBD91E686DF900E5A50F /* TopNav.swift */,
				10E6BBDB1E68709400E5A50F /* NewDrinkBtn.swift */,
				10724AE31E68F98E005B4808 /* SettingsCell.swift */,
				10E0A72A1E6F0D76000FB79F /* SystemBtn.swift */,
				10911F401E7053A4004F5077 /* HideableStack.swift */,
				10E5F0F91E71987500F5CBED /* DrinkSelectCell.swift */,
				10CFBC8A1E72332D00133041 /* SizeSelectCell.swift */,
			);
			name = View;
			sourceTree = "<group>";
		};
		10011AEF1E592A570096F426 /* Model */ = {
			isa = PBXGroup;
			children = (
				10011AD11E592A460096F426 /* Buzzed.xcdatamodeld */,
				109362ED1E5B399C0056C54B /* HealthManager.swift */,
				10AE2EF81E5C7CFA00B9AFB4 /* CaffeineSourceTypeEnum.swift */,
				108023051E5DD17000D948C1 /* DataManager.swift */,
				100F91211E5FDA9B007E74CA /* CaffeineSource.swift */,
			);
			name = Model;
			sourceTree = "<group>";
		};
		10011AF01E592A5B0096F426 /* Util */ = {
			isa = PBXGroup;
			children = (
				10AE2EFB1E5C85A500B9AFB4 /* Extensions.swift */,
				1067546C1E68E2B50023D470 /* Constants.swift */,
				10DB0ACC1E671B3700804C50 /* DefaultValueEnums.swift */,
				10911F3E1E704D2A004F5077 /* Protocols.swift */,
			);
			name = Util;
			sourceTree = "<group>";
		};
		109362E81E5B35DA0056C54B /* Frameworks */ = {
			isa = PBXGroup;
			children = (
				109362E91E5B35DA0056C54B /* HealthKit.framework */,
			);
			name = Frameworks;
			sourceTree = "<group>";
		};
		10B4BD9C1E6DA62C00A5E316 /* Core Data Entities */ = {
			isa = PBXGroup;
			children = (
				10E0A7241E6F067C000FB79F /* CaffeineSourceCD+CoreDataClass.swift */,
				10E0A7251E6F067C000FB79F /* CaffeineSourceCD+CoreDataProperties.swift */,
			);
			name = "Core Data Entities";
			sourceTree = "<group>";
		};
/* End PBXGroup section */

/* Begin PBXNativeTarget section */
		10011AC61E592A460096F426 /* Buzzed */ = {
			isa = PBXNativeTarget;
			buildConfigurationList = 10011AE71E592A460096F426 /* Build configuration list for PBXNativeTarget "Buzzed" */;
			buildPhases = (
				10011AC31E592A460096F426 /* Sources */,
				10011AC41E592A460096F426 /* Frameworks */,
				10011AC51E592A460096F426 /* Resources */,
			);
			buildRules = (
			);
			dependencies = (
			);
			name = Buzzed;
			productName = Buzzed;
			productReference = 10011AC71E592A460096F426 /* Buzzed.app */;
			productType = "com.apple.product-type.application";
		};
		10011ADD1E592A460096F426 /* BuzzedTests */ = {
			isa = PBXNativeTarget;
			buildConfigurationList = 10011AEA1E592A460096F426 /* Build configuration list for PBXNativeTarget "BuzzedTests" */;
			buildPhases = (
				10011ADA1E592A460096F426 /* Sources */,
				10011ADB1E592A460096F426 /* Frameworks */,
				10011ADC1E592A460096F426 /* Resources */,
			);
			buildRules = (
			);
			dependencies = (
				10011AE01E592A460096F426 /* PBXTargetDependency */,
			);
			name = BuzzedTests;
			productName = BuzzedTests;
			productReference = 10011ADE1E592A460096F426 /* BuzzedTests.xctest */;
			productType = "com.apple.product-type.bundle.unit-test";
		};
/* End PBXNativeTarget section */

/* Begin PBXProject section */
		10011ABF1E592A460096F426 /* Project object */ = {
			isa = PBXProject;
			attributes = {
				LastSwiftUpdateCheck = 0820;
				LastUpgradeCheck = 0820;
				ORGANIZATIONNAME = "Drew Lanning";
				TargetAttributes = {
					10011AC61E592A460096F426 = {
						CreatedOnToolsVersion = 8.2.1;
						DevelopmentTeam = TFEDY5M56J;
						ProvisioningStyle = Automatic;
						SystemCapabilities = {
							com.apple.HealthKit = {
								enabled = 1;
							};
						};
					};
					10011ADD1E592A460096F426 = {
						CreatedOnToolsVersion = 8.2.1;
						DevelopmentTeam = TFEDY5M56J;
						ProvisioningStyle = Automatic;
						TestTargetID = 10011AC61E592A460096F426;
					};
				};
			};
			buildConfigurationList = 10011AC21E592A460096F426 /* Build configuration list for PBXProject "Buzzed" */;
			compatibilityVersion = "Xcode 3.2";
			developmentRegion = English;
			hasScannedForEncodings = 0;
			knownRegions = (
				en,
				Base,
			);
			mainGroup = 10011ABE1E592A460096F426;
			productRefGroup = 10011AC81E592A460096F426 /* Products */;
			projectDirPath = "";
			projectRoot = "";
			targets = (
				10011AC61E592A460096F426 /* Buzzed */,
				10011ADD1E592A460096F426 /* BuzzedTests */,
			);
		};
/* End PBXProject section */

/* Begin PBXResourcesBuildPhase section */
		10011AC51E592A460096F426 /* Resources */ = {
			isa = PBXResourcesBuildPhase;
			buildActionMask = 2147483647;
			files = (
				10011AD81E592A460096F426 /* LaunchScreen.storyboard in Resources */,
				10011AD51E592A460096F426 /* Assets.xcassets in Resources */,
				10011AD01E592A460096F426 /* Main.storyboard in Resources */,
				108EE97F1E6330F7006FDCFC /* ConsumptionSetView.xib in Resources */,
				10011AF51E592DE30096F426 /* Meter.xib in Resources */,
			);
			runOnlyForDeploymentPostprocessing = 0;
		};
		10011ADC1E592A460096F426 /* Resources */ = {
			isa = PBXResourcesBuildPhase;
			buildActionMask = 2147483647;
			files = (
				10011AF61E592DE30096F426 /* Meter.xib in Resources */,
			);
			runOnlyForDeploymentPostprocessing = 0;
		};
/* End PBXResourcesBuildPhase section */

/* Begin PBXSourcesBuildPhase section */
		10011AC31E592A460096F426 /* Sources */ = {
			isa = PBXSourcesBuildPhase;
			buildActionMask = 2147483647;
			files = (
				10911F411E7053A4004F5077 /* HideableStack.swift in Sources */,
				10011ACD1E592A460096F426 /* ViewController.swift in Sources */,
				10E0A72B1E6F0D77000FB79F /* SystemBtn.swift in Sources */,
				1067546D1E68E2B50023D470 /* Constants.swift in Sources */,
				109362EE1E5B399C0056C54B /* HealthManager.swift in Sources */,
				10DF0C1F1E69A16D00AC440D /* SettingsTableVC.swift in Sources */,
				10E0A7281E6F067C000FB79F /* CaffeineSourceCD+CoreDataProperties.swift in Sources */,
				10E6BBDC1E68709400E5A50F /* NewDrinkBtn.swift in Sources */,
				10AE2EFC1E5C85A500B9AFB4 /* Extensions.swift in Sources */,
				10E5F0FA1E71987500F5CBED /* DrinkSelectCell.swift in Sources */,
				10011ACB1E592A460096F426 /* AppDelegate.swift in Sources */,
				10DB0ACD1E671B3700804C50 /* DefaultValueEnums.swift in Sources */,
				100F91221E5FDA9B007E74CA /* CaffeineSource.swift in Sources */,
				10E6BBDE1E68729600E5A50F /* CurrentDrinkVC.swift in Sources */,
				10AE2EF91E5C7CFA00B9AFB4 /* CaffeineSourceTypeEnum.swift in Sources */,
				10E6BBD61E68621700E5A50F /* ColorGradient.swift in Sources */,
				10011AD31E592A460096F426 /* Buzzed.xcdatamodeld in Sources */,
				10911F3F1E704D2A004F5077 /* Protocols.swift in Sources */,
				10E6BBDA1E686DF900E5A50F /* TopNav.swift in Sources */,
				10724AE41E68F98E005B4808 /* SettingsCell.swift in Sources */,
				10E5F0F81E71925900F5CBED /* DrinkSelectVC.swift in Sources */,
				10CFBC891E72331C00133041 /* SizeSelectVC.swift in Sources */,
				108EE97B1E632A6D006FDCFC /* ConsumptionSetView.swift in Sources */,
				108023061E5DD17000D948C1 /* DataManager.swift in Sources */,
				10011AF21E592A790096F426 /* Meter.swift in Sources */,
				10C523FD1E67583B0091746E /* CaffeineTodayLbl.swift in Sources */,
				10E0A7261E6F067C000FB79F /* CaffeineSourceCD+CoreDataClass.swift in Sources */,
				1067546F1E68E4C30023D470 /* SettingsVC.swift in Sources */,
				10CFBC8B1E72332D00133041 /* SizeSelectCell.swift in Sources */,
			);
			runOnlyForDeploymentPostprocessing = 0;
		};
		10011ADA1E592A460096F426 /* Sources */ = {
			isa = PBXSourcesBuildPhase;
			buildActionMask = 2147483647;
			files = (
				10E0A7291E6F067C000FB79F /* CaffeineSourceCD+CoreDataProperties.swift in Sources */,
				10011AE31E592A460096F426 /* BuzzedTests.swift in Sources */,
				10B4BD9A1E6DA3A000A5E316 /* DefaultValueEnums.swift in Sources */,
				100F91231E5FDA9B007E74CA /* CaffeineSource.swift in Sources */,
				10E0A7271E6F067C000FB79F /* CaffeineSourceCD+CoreDataClass.swift in Sources */,
				108023071E5DD17300D948C1 /* DataManager.swift in Sources */,
				10AE2EFA1E5C80C600B9AFB4 /* CaffeineSourceTypeEnum.swift in Sources */,
				10B4BD9B1E6DA3B600A5E316 /* Constants.swift in Sources */,
			);
			runOnlyForDeploymentPostprocessing = 0;
		};
/* End PBXSourcesBuildPhase section */

/* Begin PBXTargetDependency section */
		10011AE01E592A460096F426 /* PBXTargetDependency */ = {
			isa = PBXTargetDependency;
			target = 10011AC61E592A460096F426 /* Buzzed */;
			targetProxy = 10011ADF1E592A460096F426 /* PBXContainerItemProxy */;
		};
/* End PBXTargetDependency section */

/* Begin PBXVariantGroup section */
		10011ACE1E592A460096F426 /* Main.storyboard */ = {
			isa = PBXVariantGroup;
			children = (
				10011ACF1E592A460096F426 /* Base */,
			);
			name = Main.storyboard;
			sourceTree = "<group>";
		};
		10011AD61E592A460096F426 /* LaunchScreen.storyboard */ = {
			isa = PBXVariantGroup;
			children = (
				10011AD71E592A460096F426 /* Base */,
			);
			name = LaunchScreen.storyboard;
			sourceTree = "<group>";
		};
/* End PBXVariantGroup section */

/* Begin XCBuildConfiguration section */
		10011AE51E592A460096F426 /* Debug */ = {
			isa = XCBuildConfiguration;
			buildSettings = {
				ALWAYS_SEARCH_USER_PATHS = NO;
				CLANG_ANALYZER_NONNULL = YES;
				CLANG_CXX_LANGUAGE_STANDARD = "gnu++0x";
				CLANG_CXX_LIBRARY = "libc++";
				CLANG_ENABLE_MODULES = YES;
				CLANG_ENABLE_OBJC_ARC = YES;
				CLANG_WARN_BOOL_CONVERSION = YES;
				CLANG_WARN_CONSTANT_CONVERSION = YES;
				CLANG_WARN_DIRECT_OBJC_ISA_USAGE = YES_ERROR;
				CLANG_WARN_DOCUMENTATION_COMMENTS = YES;
				CLANG_WARN_EMPTY_BODY = YES;
				CLANG_WARN_ENUM_CONVERSION = YES;
				CLANG_WARN_INFINITE_RECURSION = YES;
				CLANG_WARN_INT_CONVERSION = YES;
				CLANG_WARN_OBJC_ROOT_CLASS = YES_ERROR;
				CLANG_WARN_SUSPICIOUS_MOVE = YES;
				CLANG_WARN_UNREACHABLE_CODE = YES;
				CLANG_WARN__DUPLICATE_METHOD_MATCH = YES;
				"CODE_SIGN_IDENTITY[sdk=iphoneos*]" = "iPhone Developer";
				COPY_PHASE_STRIP = NO;
				DEBUG_INFORMATION_FORMAT = dwarf;
				ENABLE_STRICT_OBJC_MSGSEND = YES;
				ENABLE_TESTABILITY = YES;
				GCC_C_LANGUAGE_STANDARD = gnu99;
				GCC_DYNAMIC_NO_PIC = NO;
				GCC_NO_COMMON_BLOCKS = YES;
				GCC_OPTIMIZATION_LEVEL = 0;
				GCC_PREPROCESSOR_DEFINITIONS = (
					"DEBUG=1",
					"$(inherited)",
				);
				GCC_WARN_64_TO_32_BIT_CONVERSION = YES;
				GCC_WARN_ABOUT_RETURN_TYPE = YES_ERROR;
				GCC_WARN_UNDECLARED_SELECTOR = YES;
				GCC_WARN_UNINITIALIZED_AUTOS = YES_AGGRESSIVE;
				GCC_WARN_UNUSED_FUNCTION = YES;
				GCC_WARN_UNUSED_VARIABLE = YES;
				IPHONEOS_DEPLOYMENT_TARGET = 10.2;
				MTL_ENABLE_DEBUG_INFO = YES;
				ONLY_ACTIVE_ARCH = YES;
				SDKROOT = iphoneos;
				SWIFT_ACTIVE_COMPILATION_CONDITIONS = DEBUG;
				SWIFT_OPTIMIZATION_LEVEL = "-Onone";
			};
			name = Debug;
		};
		10011AE61E592A460096F426 /* Release */ = {
			isa = XCBuildConfiguration;
			buildSettings = {
				ALWAYS_SEARCH_USER_PATHS = NO;
				CLANG_ANALYZER_NONNULL = YES;
				CLANG_CXX_LANGUAGE_STANDARD = "gnu++0x";
				CLANG_CXX_LIBRARY = "libc++";
				CLANG_ENABLE_MODULES = YES;
				CLANG_ENABLE_OBJC_ARC = YES;
				CLANG_WARN_BOOL_CONVERSION = YES;
				CLANG_WARN_CONSTANT_CONVERSION = YES;
				CLANG_WARN_DIRECT_OBJC_ISA_USAGE = YES_ERROR;
				CLANG_WARN_DOCUMENTATION_COMMENTS = YES;
				CLANG_WARN_EMPTY_BODY = YES;
				CLANG_WARN_ENUM_CONVERSION = YES;
				CLANG_WARN_INFINITE_RECURSION = YES;
				CLANG_WARN_INT_CONVERSION = YES;
				CLANG_WARN_OBJC_ROOT_CLASS = YES_ERROR;
				CLANG_WARN_SUSPICIOUS_MOVE = YES;
				CLANG_WARN_UNREACHABLE_CODE = YES;
				CLANG_WARN__DUPLICATE_METHOD_MATCH = YES;
				"CODE_SIGN_IDENTITY[sdk=iphoneos*]" = "iPhone Developer";
				COPY_PHASE_STRIP = NO;
				DEBUG_INFORMATION_FORMAT = "dwarf-with-dsym";
				ENABLE_NS_ASSERTIONS = NO;
				ENABLE_STRICT_OBJC_MSGSEND = YES;
				GCC_C_LANGUAGE_STANDARD = gnu99;
				GCC_NO_COMMON_BLOCKS = YES;
				GCC_WARN_64_TO_32_BIT_CONVERSION = YES;
				GCC_WARN_ABOUT_RETURN_TYPE = YES_ERROR;
				GCC_WARN_UNDECLARED_SELECTOR = YES;
				GCC_WARN_UNINITIALIZED_AUTOS = YES_AGGRESSIVE;
				GCC_WARN_UNUSED_FUNCTION = YES;
				GCC_WARN_UNUSED_VARIABLE = YES;
				IPHONEOS_DEPLOYMENT_TARGET = 10.2;
				MTL_ENABLE_DEBUG_INFO = NO;
				SDKROOT = iphoneos;
				SWIFT_OPTIMIZATION_LEVEL = "-Owholemodule";
				VALIDATE_PRODUCT = YES;
			};
			name = Release;
		};
		10011AE81E592A460096F426 /* Debug */ = {
			isa = XCBuildConfiguration;
			buildSettings = {
				ASSETCATALOG_COMPILER_APPICON_NAME = AppIcon;
				CODE_SIGN_ENTITLEMENTS = Buzzed/Buzzed.entitlements;
				DEVELOPMENT_TEAM = TFEDY5M56J;
				INFOPLIST_FILE = Buzzed/Info.plist;
				LD_RUNPATH_SEARCH_PATHS = "$(inherited) @executable_path/Frameworks";
				PRODUCT_BUNDLE_IDENTIFIER = com.drewlanning.Buzzed;
				PRODUCT_NAME = "$(TARGET_NAME)";
				SWIFT_VERSION = 3.0;
			};
			name = Debug;
		};
		10011AE91E592A460096F426 /* Release */ = {
			isa = XCBuildConfiguration;
			buildSettings = {
				ASSETCATALOG_COMPILER_APPICON_NAME = AppIcon;
				CODE_SIGN_ENTITLEMENTS = Buzzed/Buzzed.entitlements;
				DEVELOPMENT_TEAM = TFEDY5M56J;
				INFOPLIST_FILE = Buzzed/Info.plist;
				LD_RUNPATH_SEARCH_PATHS = "$(inherited) @executable_path/Frameworks";
				PRODUCT_BUNDLE_IDENTIFIER = com.drewlanning.Buzzed;
				PRODUCT_NAME = "$(TARGET_NAME)";
				SWIFT_VERSION = 3.0;
			};
			name = Release;
		};
		10011AEB1E592A460096F426 /* Debug */ = {
			isa = XCBuildConfiguration;
			buildSettings = {
				ALWAYS_EMBED_SWIFT_STANDARD_LIBRARIES = YES;
				BUNDLE_LOADER = "$(TEST_HOST)";
				DEVELOPMENT_TEAM = TFEDY5M56J;
				INFOPLIST_FILE = BuzzedTests/Info.plist;
				LD_RUNPATH_SEARCH_PATHS = "$(inherited) @executable_path/Frameworks @loader_path/Frameworks";
				PRODUCT_BUNDLE_IDENTIFIER = com.drewlanning.BuzzedTests;
				PRODUCT_NAME = "$(TARGET_NAME)";
				SWIFT_VERSION = 3.0;
				TEST_HOST = "$(BUILT_PRODUCTS_DIR)/Buzzed.app/Buzzed";
			};
			name = Debug;
		};
		10011AEC1E592A460096F426 /* Release */ = {
			isa = XCBuildConfiguration;
			buildSettings = {
				ALWAYS_EMBED_SWIFT_STANDARD_LIBRARIES = YES;
				BUNDLE_LOADER = "$(TEST_HOST)";
				DEVELOPMENT_TEAM = TFEDY5M56J;
				INFOPLIST_FILE = BuzzedTests/Info.plist;
				LD_RUNPATH_SEARCH_PATHS = "$(inherited) @executable_path/Frameworks @loader_path/Frameworks";
				PRODUCT_BUNDLE_IDENTIFIER = com.drewlanning.BuzzedTests;
				PRODUCT_NAME = "$(TARGET_NAME)";
				SWIFT_VERSION = 3.0;
				TEST_HOST = "$(BUILT_PRODUCTS_DIR)/Buzzed.app/Buzzed";
			};
			name = Release;
		};
/* End XCBuildConfiguration section */

/* Begin XCConfigurationList section */
		10011AC21E592A460096F426 /* Build configuration list for PBXProject "Buzzed" */ = {
			isa = XCConfigurationList;
			buildConfigurations = (
				10011AE51E592A460096F426 /* Debug */,
				10011AE61E592A460096F426 /* Release */,
			);
			defaultConfigurationIsVisible = 0;
			defaultConfigurationName = Release;
		};
		10011AE71E592A460096F426 /* Build configuration list for PBXNativeTarget "Buzzed" */ = {
			isa = XCConfigurationList;
			buildConfigurations = (
				10011AE81E592A460096F426 /* Debug */,
				10011AE91E592A460096F426 /* Release */,
			);
			defaultConfigurationIsVisible = 0;
			defaultConfigurationName = Release;
		};
		10011AEA1E592A460096F426 /* Build configuration list for PBXNativeTarget "BuzzedTests" */ = {
			isa = XCConfigurationList;
			buildConfigurations = (
				10011AEB1E592A460096F426 /* Debug */,
				10011AEC1E592A460096F426 /* Release */,
			);
			defaultConfigurationIsVisible = 0;
			defaultConfigurationName = Release;
		};
/* End XCConfigurationList section */

/* Begin XCVersionGroup section */
		10011AD11E592A460096F426 /* Buzzed.xcdatamodeld */ = {
			isa = XCVersionGroup;
			children = (
				10011AD21E592A460096F426 /* Buzzed.xcdatamodel */,
			);
			currentVersion = 10011AD21E592A460096F426 /* Buzzed.xcdatamodel */;
			path = Buzzed.xcdatamodeld;
			sourceTree = "<group>";
			versionGroupType = wrapper.xcdatamodel;
		};
/* End XCVersionGroup section */
	};
	rootObject = 10011ABF1E592A460096F426 /* Project object */;
}
